// !$*UTF8*$!
{
	archiveVersion = 1;
	classes = {
	};
	objectVersion = 56;
	objects = {

/* Begin PBXBuildFile section */
		4AC6CB342AB7142F003D0333 /* AppDelegate.swift in Sources */ = {isa = PBXBuildFile; fileRef = 4AC6CB332AB7142F003D0333 /* AppDelegate.swift */; };
		4AC6CB362AB7142F003D0333 /* SceneDelegate.swift in Sources */ = {isa = PBXBuildFile; fileRef = 4AC6CB352AB7142F003D0333 /* SceneDelegate.swift */; };
		4AC6CB3D2AB71430003D0333 /* Assets.xcassets in Resources */ = {isa = PBXBuildFile; fileRef = 4AC6CB3C2AB71430003D0333 /* Assets.xcassets */; };
		4AC6CB402AB71430003D0333 /* LaunchScreen.storyboard in Resources */ = {isa = PBXBuildFile; fileRef = 4AC6CB3E2AB71430003D0333 /* LaunchScreen.storyboard */; };
		4AC6CB482AB714E5003D0333 /* MainTabBarController.swift in Sources */ = {isa = PBXBuildFile; fileRef = 4AC6CB472AB714E5003D0333 /* MainTabBarController.swift */; };
		4AC6CB502AB72A82003D0333 /* RandomModel.swift in Sources */ = {isa = PBXBuildFile; fileRef = 4AC6CB4F2AB72A82003D0333 /* RandomModel.swift */; };
		4AC6CB522AB72A92003D0333 /* RandomController.swift in Sources */ = {isa = PBXBuildFile; fileRef = 4AC6CB512AB72A92003D0333 /* RandomController.swift */; };
		4AC6CB542AB72AA4003D0333 /* RandomView.swift in Sources */ = {isa = PBXBuildFile; fileRef = 4AC6CB532AB72AA4003D0333 /* RandomView.swift */; };
		4AC6CB572AB72BB5003D0333 /* ListQutesModel.swift in Sources */ = {isa = PBXBuildFile; fileRef = 4AC6CB562AB72BB5003D0333 /* ListQutesModel.swift */; };
		4AC6CB592AB72BCA003D0333 /* ListQutesView.swift in Sources */ = {isa = PBXBuildFile; fileRef = 4AC6CB582AB72BCA003D0333 /* ListQutesView.swift */; };
		4AC6CB5B2AB72BD6003D0333 /* ListQutesController.swift in Sources */ = {isa = PBXBuildFile; fileRef = 4AC6CB5A2AB72BD6003D0333 /* ListQutesController.swift */; };
		4AC6CB5D2AB72C02003D0333 /* CategoriesModel.swift in Sources */ = {isa = PBXBuildFile; fileRef = 4AC6CB5C2AB72C02003D0333 /* CategoriesModel.swift */; };
		4AC6CB5F2AB72C0E003D0333 /* CategoriesView.swift in Sources */ = {isa = PBXBuildFile; fileRef = 4AC6CB5E2AB72C0E003D0333 /* CategoriesView.swift */; };
		4AC6CB612AB72C19003D0333 /* CategoriesController.swift in Sources */ = {isa = PBXBuildFile; fileRef = 4AC6CB602AB72C19003D0333 /* CategoriesController.swift */; };
		4AC6CB642AB7351A003D0333 /* UIColorExtension.swift in Sources */ = {isa = PBXBuildFile; fileRef = 4AC6CB632AB7351A003D0333 /* UIColorExtension.swift */; };
/* End PBXBuildFile section */

/* Begin PBXFileReference section */
		4AC6CB302AB7142F003D0333 /* Quotes.app */ = {isa = PBXFileReference; explicitFileType = wrapper.application; includeInIndex = 0; path = Quotes.app; sourceTree = BUILT_PRODUCTS_DIR; };
		4AC6CB332AB7142F003D0333 /* AppDelegate.swift */ = {isa = PBXFileReference; lastKnownFileType = sourcecode.swift; path = AppDelegate.swift; sourceTree = "<group>"; };
		4AC6CB352AB7142F003D0333 /* SceneDelegate.swift */ = {isa = PBXFileReference; lastKnownFileType = sourcecode.swift; path = SceneDelegate.swift; sourceTree = "<group>"; };
		4AC6CB3C2AB71430003D0333 /* Assets.xcassets */ = {isa = PBXFileReference; lastKnownFileType = folder.assetcatalog; path = Assets.xcassets; sourceTree = "<group>"; };
		4AC6CB3F2AB71430003D0333 /* Base */ = {isa = PBXFileReference; lastKnownFileType = file.storyboard; name = Base; path = Base.lproj/LaunchScreen.storyboard; sourceTree = "<group>"; };
		4AC6CB412AB71430003D0333 /* Info.plist */ = {isa = PBXFileReference; lastKnownFileType = text.plist.xml; path = Info.plist; sourceTree = "<group>"; };
		4AC6CB472AB714E5003D0333 /* MainTabBarController.swift */ = {isa = PBXFileReference; lastKnownFileType = sourcecode.swift; path = MainTabBarController.swift; sourceTree = "<group>"; };
		4AC6CB4F2AB72A82003D0333 /* RandomModel.swift */ = {isa = PBXFileReference; lastKnownFileType = sourcecode.swift; path = RandomModel.swift; sourceTree = "<group>"; };
		4AC6CB512AB72A92003D0333 /* RandomController.swift */ = {isa = PBXFileReference; lastKnownFileType = sourcecode.swift; path = RandomController.swift; sourceTree = "<group>"; };
		4AC6CB532AB72AA4003D0333 /* RandomView.swift */ = {isa = PBXFileReference; lastKnownFileType = sourcecode.swift; path = RandomView.swift; sourceTree = "<group>"; };
		4AC6CB562AB72BB5003D0333 /* ListQutesModel.swift */ = {isa = PBXFileReference; lastKnownFileType = sourcecode.swift; path = ListQutesModel.swift; sourceTree = "<group>"; };
		4AC6CB582AB72BCA003D0333 /* ListQutesView.swift */ = {isa = PBXFileReference; lastKnownFileType = sourcecode.swift; path = ListQutesView.swift; sourceTree = "<group>"; };
		4AC6CB5A2AB72BD6003D0333 /* ListQutesController.swift */ = {isa = PBXFileReference; lastKnownFileType = sourcecode.swift; path = ListQutesController.swift; sourceTree = "<group>"; };
		4AC6CB5C2AB72C02003D0333 /* CategoriesModel.swift */ = {isa = PBXFileReference; lastKnownFileType = sourcecode.swift; path = CategoriesModel.swift; sourceTree = "<group>"; };
		4AC6CB5E2AB72C0E003D0333 /* CategoriesView.swift */ = {isa = PBXFileReference; lastKnownFileType = sourcecode.swift; path = CategoriesView.swift; sourceTree = "<group>"; };
		4AC6CB602AB72C19003D0333 /* CategoriesController.swift */ = {isa = PBXFileReference; lastKnownFileType = sourcecode.swift; path = CategoriesController.swift; sourceTree = "<group>"; };
		4AC6CB632AB7351A003D0333 /* UIColorExtension.swift */ = {isa = PBXFileReference; lastKnownFileType = sourcecode.swift; path = UIColorExtension.swift; sourceTree = "<group>"; };
/* End PBXFileReference section */

/* Begin PBXFrameworksBuildPhase section */
		4AC6CB2D2AB7142F003D0333 /* Frameworks */ = {
			isa = PBXFrameworksBuildPhase;
			buildActionMask = 2147483647;
			files = (
			);
			runOnlyForDeploymentPostprocessing = 0;
		};
/* End PBXFrameworksBuildPhase section */

/* Begin PBXGroup section */
		4AC6CB272AB7142F003D0333 = {
			isa = PBXGroup;
			children = (
				4AC6CB322AB7142F003D0333 /* Quotes */,
				4AC6CB312AB7142F003D0333 /* Products */,
			);
			sourceTree = "<group>";
		};
		4AC6CB312AB7142F003D0333 /* Products */ = {
			isa = PBXGroup;
			children = (
				4AC6CB302AB7142F003D0333 /* Quotes.app */,
			);
			name = Products;
			sourceTree = "<group>";
		};
		4AC6CB322AB7142F003D0333 /* Quotes */ = {
			isa = PBXGroup;
			children = (
				4AC6CB622AB72C54003D0333 /* Application */,
				4AC6CB552AB72ACF003D0333 /* SupportingFile */,
			);
			path = Quotes;
			sourceTree = "<group>";
		};
		4AC6CB492AB72949003D0333 /* RandomMVC */ = {
			isa = PBXGroup;
			children = (
				4AC6CB4F2AB72A82003D0333 /* RandomModel.swift */,
				4AC6CB532AB72AA4003D0333 /* RandomView.swift */,
				4AC6CB512AB72A92003D0333 /* RandomController.swift */,
			);
			path = RandomMVC;
			sourceTree = "<group>";
		};
		4AC6CB4B2AB729CD003D0333 /* ListQuotesMVC */ = {
			isa = PBXGroup;
			children = (
				4AC6CB562AB72BB5003D0333 /* ListQutesModel.swift */,
				4AC6CB582AB72BCA003D0333 /* ListQutesView.swift */,
				4AC6CB5A2AB72BD6003D0333 /* ListQutesController.swift */,
			);
			path = ListQuotesMVC;
			sourceTree = "<group>";
		};
		4AC6CB4C2AB72A0A003D0333 /* CategoriesMVC */ = {
			isa = PBXGroup;
			children = (
				4AC6CB5C2AB72C02003D0333 /* CategoriesModel.swift */,
				4AC6CB5E2AB72C0E003D0333 /* CategoriesView.swift */,
				4AC6CB602AB72C19003D0333 /* CategoriesController.swift */,
			);
			path = CategoriesMVC;
			sourceTree = "<group>";
		};
		4AC6CB4D2AB72A40003D0333 /* AppDelegate */ = {
			isa = PBXGroup;
			children = (
				4AC6CB332AB7142F003D0333 /* AppDelegate.swift */,
				4AC6CB352AB7142F003D0333 /* SceneDelegate.swift */,
			);
			path = AppDelegate;
			sourceTree = "<group>";
		};
		4AC6CB4E2AB72A54003D0333 /* TabBar */ = {
			isa = PBXGroup;
			children = (
				4AC6CB472AB714E5003D0333 /* MainTabBarController.swift */,
				4AC6CB632AB7351A003D0333 /* UIColorExtension.swift */,
			);
			path = TabBar;
			sourceTree = "<group>";
		};
		4AC6CB552AB72ACF003D0333 /* SupportingFile */ = {
			isa = PBXGroup;
			children = (
				4AC6CB3C2AB71430003D0333 /* Assets.xcassets */,
				4AC6CB3E2AB71430003D0333 /* LaunchScreen.storyboard */,
				4AC6CB412AB71430003D0333 /* Info.plist */,
			);
			path = SupportingFile;
			sourceTree = "<group>";
		};
		4AC6CB622AB72C54003D0333 /* Application */ = {
			isa = PBXGroup;
			children = (
				4AC6CB4D2AB72A40003D0333 /* AppDelegate */,
				4AC6CB4E2AB72A54003D0333 /* TabBar */,
				4AC6CB492AB72949003D0333 /* RandomMVC */,
				4AC6CB4B2AB729CD003D0333 /* ListQuotesMVC */,
				4AC6CB4C2AB72A0A003D0333 /* CategoriesMVC */,
			);
			path = Application;
			sourceTree = "<group>";
		};
/* End PBXGroup section */

/* Begin PBXNativeTarget section */
		4AC6CB2F2AB7142F003D0333 /* Quotes */ = {
			isa = PBXNativeTarget;
			buildConfigurationList = 4AC6CB442AB71430003D0333 /* Build configuration list for PBXNativeTarget "Quotes" */;
			buildPhases = (
				4AC6CB2C2AB7142F003D0333 /* Sources */,
				4AC6CB2D2AB7142F003D0333 /* Frameworks */,
				4AC6CB2E2AB7142F003D0333 /* Resources */,
			);
			buildRules = (
			);
			dependencies = (
			);
			name = Quotes;
			productName = Quotes;
			productReference = 4AC6CB302AB7142F003D0333 /* Quotes.app */;
			productType = "com.apple.product-type.application";
		};
/* End PBXNativeTarget section */

/* Begin PBXProject section */
		4AC6CB282AB7142F003D0333 /* Project object */ = {
			isa = PBXProject;
			attributes = {
				BuildIndependentTargetsInParallel = 1;
				LastSwiftUpdateCheck = 1430;
				LastUpgradeCheck = 1430;
				TargetAttributes = {
					4AC6CB2F2AB7142F003D0333 = {
						CreatedOnToolsVersion = 14.3.1;
					};
				};
			};
			buildConfigurationList = 4AC6CB2B2AB7142F003D0333 /* Build configuration list for PBXProject "Quotes" */;
			compatibilityVersion = "Xcode 14.0";
			developmentRegion = en;
			hasScannedForEncodings = 0;
			knownRegions = (
				en,
				Base,
			);
			mainGroup = 4AC6CB272AB7142F003D0333;
			productRefGroup = 4AC6CB312AB7142F003D0333 /* Products */;
			projectDirPath = "";
			projectRoot = "";
			targets = (
				4AC6CB2F2AB7142F003D0333 /* Quotes */,
			);
		};
/* End PBXProject section */

/* Begin PBXResourcesBuildPhase section */
		4AC6CB2E2AB7142F003D0333 /* Resources */ = {
			isa = PBXResourcesBuildPhase;
			buildActionMask = 2147483647;
			files = (
				4AC6CB402AB71430003D0333 /* LaunchScreen.storyboard in Resources */,
				4AC6CB3D2AB71430003D0333 /* Assets.xcassets in Resources */,
			);
			runOnlyForDeploymentPostprocessing = 0;
		};
/* End PBXResourcesBuildPhase section */

/* Begin PBXSourcesBuildPhase section */
		4AC6CB2C2AB7142F003D0333 /* Sources */ = {
			isa = PBXSourcesBuildPhase;
			buildActionMask = 2147483647;
			files = (
				4AC6CB342AB7142F003D0333 /* AppDelegate.swift in Sources */,
				4AC6CB362AB7142F003D0333 /* SceneDelegate.swift in Sources */,
				4AC6CB502AB72A82003D0333 /* RandomModel.swift in Sources */,
				4AC6CB612AB72C19003D0333 /* CategoriesController.swift in Sources */,
				4AC6CB542AB72AA4003D0333 /* RandomView.swift in Sources */,
				4AC6CB482AB714E5003D0333 /* MainTabBarController.swift in Sources */,
				4AC6CB642AB7351A003D0333 /* UIColorExtension.swift in Sources */,
				4AC6CB5D2AB72C02003D0333 /* CategoriesModel.swift in Sources */,
				4AC6CB522AB72A92003D0333 /* RandomController.swift in Sources */,
				4AC6CB572AB72BB5003D0333 /* ListQutesModel.swift in Sources */,
				4AC6CB5F2AB72C0E003D0333 /* CategoriesView.swift in Sources */,
				4AC6CB5B2AB72BD6003D0333 /* ListQutesController.swift in Sources */,
				4AC6CB592AB72BCA003D0333 /* ListQutesView.swift in Sources */,
			);
			runOnlyForDeploymentPostprocessing = 0;
		};
/* End PBXSourcesBuildPhase section */

/* Begin PBXVariantGroup section */
		4AC6CB3E2AB71430003D0333 /* LaunchScreen.storyboard */ = {
			isa = PBXVariantGroup;
			children = (
				4AC6CB3F2AB71430003D0333 /* Base */,
			);
			name = LaunchScreen.storyboard;
			sourceTree = "<group>";
		};
/* End PBXVariantGroup section */

/* Begin XCBuildConfiguration section */
		4AC6CB422AB71430003D0333 /* Debug */ = {
			isa = XCBuildConfiguration;
			buildSettings = {
				ALWAYS_SEARCH_USER_PATHS = NO;
				CLANG_ANALYZER_NONNULL = YES;
				CLANG_ANALYZER_NUMBER_OBJECT_CONVERSION = YES_AGGRESSIVE;
				CLANG_CXX_LANGUAGE_STANDARD = "gnu++20";
				CLANG_ENABLE_MODULES = YES;
				CLANG_ENABLE_OBJC_ARC = YES;
				CLANG_ENABLE_OBJC_WEAK = YES;
				CLANG_WARN_BLOCK_CAPTURE_AUTORELEASING = YES;
				CLANG_WARN_BOOL_CONVERSION = YES;
				CLANG_WARN_COMMA = YES;
				CLANG_WARN_CONSTANT_CONVERSION = YES;
				CLANG_WARN_DEPRECATED_OBJC_IMPLEMENTATIONS = YES;
				CLANG_WARN_DIRECT_OBJC_ISA_USAGE = YES_ERROR;
				CLANG_WARN_DOCUMENTATION_COMMENTS = YES;
				CLANG_WARN_EMPTY_BODY = YES;
				CLANG_WARN_ENUM_CONVERSION = YES;
				CLANG_WARN_INFINITE_RECURSION = YES;
				CLANG_WARN_INT_CONVERSION = YES;
				CLANG_WARN_NON_LITERAL_NULL_CONVERSION = YES;
				CLANG_WARN_OBJC_IMPLICIT_RETAIN_SELF = YES;
				CLANG_WARN_OBJC_LITERAL_CONVERSION = YES;
				CLANG_WARN_OBJC_ROOT_CLASS = YES_ERROR;
				CLANG_WARN_QUOTED_INCLUDE_IN_FRAMEWORK_HEADER = YES;
				CLANG_WARN_RANGE_LOOP_ANALYSIS = YES;
				CLANG_WARN_STRICT_PROTOTYPES = YES;
				CLANG_WARN_SUSPICIOUS_MOVE = YES;
				CLANG_WARN_UNGUARDED_AVAILABILITY = YES_AGGRESSIVE;
				CLANG_WARN_UNREACHABLE_CODE = YES;
				CLANG_WARN__DUPLICATE_METHOD_MATCH = YES;
				COPY_PHASE_STRIP = NO;
				DEBUG_INFORMATION_FORMAT = dwarf;
				ENABLE_STRICT_OBJC_MSGSEND = YES;
				ENABLE_TESTABILITY = YES;
				GCC_C_LANGUAGE_STANDARD = gnu11;
				GCC_DYNAMIC_NO_PIC = NO;
				GCC_NO_COMMON_BLOCKS = YES;
				GCC_OPTIMIZATION_LEVEL = 0;
				GCC_PREPROCESSOR_DEFINITIONS = (
					"DEBUG=1",
					"$(inherited)",
				);
				GCC_WARN_64_TO_32_BIT_CONVERSION = YES;
				GCC_WARN_ABOUT_RETURN_TYPE = YES_ERROR;
				GCC_WARN_UNDECLARED_SELECTOR = YES;
				GCC_WARN_UNINITIALIZED_AUTOS = YES_AGGRESSIVE;
				GCC_WARN_UNUSED_FUNCTION = YES;
				GCC_WARN_UNUSED_VARIABLE = YES;
				IPHONEOS_DEPLOYMENT_TARGET = 16.4;
				MTL_ENABLE_DEBUG_INFO = INCLUDE_SOURCE;
				MTL_FAST_MATH = YES;
				ONLY_ACTIVE_ARCH = YES;
				SDKROOT = iphoneos;
				SWIFT_ACTIVE_COMPILATION_CONDITIONS = DEBUG;
				SWIFT_OPTIMIZATION_LEVEL = "-Onone";
			};
			name = Debug;
		};
		4AC6CB432AB71430003D0333 /* Release */ = {
			isa = XCBuildConfiguration;
			buildSettings = {
				ALWAYS_SEARCH_USER_PATHS = NO;
				CLANG_ANALYZER_NONNULL = YES;
				CLANG_ANALYZER_NUMBER_OBJECT_CONVERSION = YES_AGGRESSIVE;
				CLANG_CXX_LANGUAGE_STANDARD = "gnu++20";
				CLANG_ENABLE_MODULES = YES;
				CLANG_ENABLE_OBJC_ARC = YES;
				CLANG_ENABLE_OBJC_WEAK = YES;
				CLANG_WARN_BLOCK_CAPTURE_AUTORELEASING = YES;
				CLANG_WARN_BOOL_CONVERSION = YES;
				CLANG_WARN_COMMA = YES;
				CLANG_WARN_CONSTANT_CONVERSION = YES;
				CLANG_WARN_DEPRECATED_OBJC_IMPLEMENTATIONS = YES;
				CLANG_WARN_DIRECT_OBJC_ISA_USAGE = YES_ERROR;
				CLANG_WARN_DOCUMENTATION_COMMENTS = YES;
				CLANG_WARN_EMPTY_BODY = YES;
				CLANG_WARN_ENUM_CONVERSION = YES;
				CLANG_WARN_INFINITE_RECURSION = YES;
				CLANG_WARN_INT_CONVERSION = YES;
				CLANG_WARN_NON_LITERAL_NULL_CONVERSION = YES;
				CLANG_WARN_OBJC_IMPLICIT_RETAIN_SELF = YES;
				CLANG_WARN_OBJC_LITERAL_CONVERSION = YES;
				CLANG_WARN_OBJC_ROOT_CLASS = YES_ERROR;
				CLANG_WARN_QUOTED_INCLUDE_IN_FRAMEWORK_HEADER = YES;
				CLANG_WARN_RANGE_LOOP_ANALYSIS = YES;
				CLANG_WARN_STRICT_PROTOTYPES = YES;
				CLANG_WARN_SUSPICIOUS_MOVE = YES;
				CLANG_WARN_UNGUARDED_AVAILABILITY = YES_AGGRESSIVE;
				CLANG_WARN_UNREACHABLE_CODE = YES;
				CLANG_WARN__DUPLICATE_METHOD_MATCH = YES;
				COPY_PHASE_STRIP = NO;
				DEBUG_INFORMATION_FORMAT = "dwarf-with-dsym";
				ENABLE_NS_ASSERTIONS = NO;
				ENABLE_STRICT_OBJC_MSGSEND = YES;
				GCC_C_LANGUAGE_STANDARD = gnu11;
				GCC_NO_COMMON_BLOCKS = YES;
				GCC_WARN_64_TO_32_BIT_CONVERSION = YES;
				GCC_WARN_ABOUT_RETURN_TYPE = YES_ERROR;
				GCC_WARN_UNDECLARED_SELECTOR = YES;
				GCC_WARN_UNINITIALIZED_AUTOS = YES_AGGRESSIVE;
				GCC_WARN_UNUSED_FUNCTION = YES;
				GCC_WARN_UNUSED_VARIABLE = YES;
				IPHONEOS_DEPLOYMENT_TARGET = 16.4;
				MTL_ENABLE_DEBUG_INFO = NO;
				MTL_FAST_MATH = YES;
				SDKROOT = iphoneos;
				SWIFT_COMPILATION_MODE = wholemodule;
				SWIFT_OPTIMIZATION_LEVEL = "-O";
				VALIDATE_PRODUCT = YES;
			};
			name = Release;
		};
		4AC6CB452AB71430003D0333 /* Debug */ = {
			isa = XCBuildConfiguration;
			buildSettings = {
				ASSETCATALOG_COMPILER_APPICON_NAME = AppIcon;
				ASSETCATALOG_COMPILER_GLOBAL_ACCENT_COLOR_NAME = AccentColor;
				CODE_SIGN_STYLE = Automatic;
				CURRENT_PROJECT_VERSION = 1;
				DEVELOPMENT_TEAM = 7PUJF8P767;
				GENERATE_INFOPLIST_FILE = YES;
				INFOPLIST_FILE = Quotes/SupportingFile/Info.plist;
				INFOPLIST_KEY_UIApplicationSupportsIndirectInputEvents = YES;
				INFOPLIST_KEY_UILaunchStoryboardName = LaunchScreen;
				INFOPLIST_KEY_UISupportedInterfaceOrientations_iPad = "UIInterfaceOrientationPortrait UIInterfaceOrientationPortraitUpsideDown UIInterfaceOrientationLandscapeLeft UIInterfaceOrientationLandscapeRight";
				INFOPLIST_KEY_UISupportedInterfaceOrientations_iPhone = "UIInterfaceOrientationPortrait UIInterfaceOrientationLandscapeLeft UIInterfaceOrientationLandscapeRight";
				LD_RUNPATH_SEARCH_PATHS = (
					"$(inherited)",
					"@executable_path/Frameworks",
				);
				MARKETING_VERSION = 1.0;
				PRODUCT_BUNDLE_IDENTIFIER = com.maybert.Quotes;
				PRODUCT_NAME = "$(TARGET_NAME)";
				SWIFT_EMIT_LOC_STRINGS = YES;
				SWIFT_VERSION = 5.0;
				TARGETED_DEVICE_FAMILY = "1,2";
			};
			name = Debug;
		};
		4AC6CB462AB71430003D0333 /* Release */ = {
			isa = XCBuildConfiguration;
			buildSettings = {
				ASSETCATALOG_COMPILER_APPICON_NAME = AppIcon;
				ASSETCATALOG_COMPILER_GLOBAL_ACCENT_COLOR_NAME = AccentColor;
				CODE_SIGN_STYLE = Automatic;
				CURRENT_PROJECT_VERSION = 1;
				DEVELOPMENT_TEAM = 7PUJF8P767;
				GENERATE_INFOPLIST_FILE = YES;
				INFOPLIST_FILE = Quotes/SupportingFile/Info.plist;
				INFOPLIST_KEY_UIApplicationSupportsIndirectInputEvents = YES;
				INFOPLIST_KEY_UILaunchStoryboardName = LaunchScreen;
				INFOPLIST_KEY_UISupportedInterfaceOrientations_iPad = "UIInterfaceOrientationPortrait UIInterfaceOrientationPortraitUpsideDown UIInterfaceOrientationLandscapeLeft UIInterfaceOrientationLandscapeRight";
				INFOPLIST_KEY_UISupportedInterfaceOrientations_iPhone = "UIInterfaceOrientationPortrait UIInterfaceOrientationLandscapeLeft UIInterfaceOrientationLandscapeRight";
				LD_RUNPATH_SEARCH_PATHS = (
					"$(inherited)",
					"@executable_path/Frameworks",
				);
				MARKETING_VERSION = 1.0;
				PRODUCT_BUNDLE_IDENTIFIER = com.maybert.Quotes;
				PRODUCT_NAME = "$(TARGET_NAME)";
				SWIFT_EMIT_LOC_STRINGS = YES;
				SWIFT_VERSION = 5.0;
				TARGETED_DEVICE_FAMILY = "1,2";
			};
			name = Release;
		};
/* End XCBuildConfiguration section */

/* Begin XCConfigurationList section */
		4AC6CB2B2AB7142F003D0333 /* Build configuration list for PBXProject "Quotes" */ = {
			isa = XCConfigurationList;
			buildConfigurations = (
				4AC6CB422AB71430003D0333 /* Debug */,
				4AC6CB432AB71430003D0333 /* Release */,
			);
			defaultConfigurationIsVisible = 0;
			defaultConfigurationName = Release;
		};
		4AC6CB442AB71430003D0333 /* Build configuration list for PBXNativeTarget "Quotes" */ = {
			isa = XCConfigurationList;
			buildConfigurations = (
				4AC6CB452AB71430003D0333 /* Debug */,
				4AC6CB462AB71430003D0333 /* Release */,
			);
			defaultConfigurationIsVisible = 0;
			defaultConfigurationName = Release;
		};
/* End XCConfigurationList section */
	};
	rootObject = 4AC6CB282AB7142F003D0333 /* Project object */;
}
